
Microsoft Visual Studio Solution File, Format Version 12.00
# Visual Studio Version 16
VisualStudioVersion = 16.0.32106.194
MinimumVisualStudioVersion = 10.0.40219.1
Project("{FAE04EC0-301F-11D3-BF4B-00C04F79EFBC}") = "PolymorphysmTask1", "PolymorphysmTask1.csproj", "{C79D78AE-B5A5-4C3D-8D6B-785EB3EE2C9C}"
EndProject
Global
	GlobalSection(SolutionConfigurationPlatforms) = preSolution
		Debug|Any CPU = Debug|Any CPU
		Release|Any CPU = Release|Any CPU
	EndGlobalSection
	GlobalSection(ProjectConfigurationPlatforms) = postSolution
		{C79D78AE-B5A5-4C3D-8D6B-785EB3EE2C9C}.Debug|Any CPU.ActiveCfg = Debug|Any CPU
		{C79D78AE-B5A5-4C3D-8D6B-785EB3EE2C9C}.Debug|Any CPU.Build.0 = Debug|Any CPU
		{C79D78AE-B5A5-4C3D-8D6B-785EB3EE2C9C}.Release|Any CPU.ActiveCfg = Release|Any CPU
		{C79D78AE-B5A5-4C3D-8D6B-785EB3EE2C9C}.Release|Any CPU.Build.0 = Release|Any CPU
	EndGlobalSection
	GlobalSection(SolutionProperties) = preSolution
		HideSolutionNode = FALSE
	EndGlobalSection
	GlobalSection(ExtensibilityGlobals) = postSolution
		SolutionGuid = {1B568D1E-A7C2-4CDD-B84B-40BBAE919D4A}
	EndGlobalSection
EndGlobal
